
Microsoft Visual Studio Solution File, Format Version 12.00
# Visual Studio Version 16
VisualStudioVersion = 25.0.1704.2
MinimumVisualStudioVersion = 10.0.40219.1
Project("{FAE04EC0-301F-11D3-BF4B-00C04F79EFBC}") = "pomodoro-app", "pomodoro-app.csproj", "{ACBC7957-BBA7-4D7B-A7A0-66B730120A5E}"
EndProject
Global
	GlobalSection(SolutionConfigurationPlatforms) = preSolution
		Debug|Any CPU = Debug|Any CPU
		Release|Any CPU = Release|Any CPU
	EndGlobalSection
	GlobalSection(ProjectConfigurationPlatforms) = postSolution
		{ACBC7957-BBA7-4D7B-A7A0-66B730120A5E}.Debug|Any CPU.ActiveCfg = Debug|Any CPU
		{ACBC7957-BBA7-4D7B-A7A0-66B730120A5E}.Debug|Any CPU.Build.0 = Debug|Any CPU
		{ACBC7957-BBA7-4D7B-A7A0-66B730120A5E}.Release|Any CPU.ActiveCfg = Release|Any CPU
		{ACBC7957-BBA7-4D7B-A7A0-66B730120A5E}.Release|Any CPU.Build.0 = Release|Any CPU
	EndGlobalSection
	GlobalSection(SolutionProperties) = preSolution
		HideSolutionNode = FALSE
	EndGlobalSection
	GlobalSection(ExtensibilityGlobals) = postSolution
		SolutionGuid = {F08E6746-DBE3-49F6-9FBA-0D1CD491B486}
	EndGlobalSection
EndGlobal
